
Microsoft Visual Studio Solution File, Format Version 12.00
# Visual Studio 15
VisualStudioVersion = 15.0.27703.2047
MinimumVisualStudioVersion = 10.0.40219.1
Project("{888888A0-9F3D-457C-B088-3A5042F75D52}") = "2D_dataStructure_Stack", "2D_dataStructure_Stack\2D_dataStructure_Stack.pyproj", "{B6E0DB97-9464-476F-A166-68586C95BB26}"
EndProject
Global
	GlobalSection(SolutionConfigurationPlatforms) = preSolution
		Debug|Any CPU = Debug|Any CPU
		Release|Any CPU = Release|Any CPU
	EndGlobalSection
	GlobalSection(ProjectConfigurationPlatforms) = postSolution
		{B6E0DB97-9464-476F-A166-68586C95BB26}.Debug|Any CPU.ActiveCfg = Debug|Any CPU
		{B6E0DB97-9464-476F-A166-68586C95BB26}.Release|Any CPU.ActiveCfg = Release|Any CPU
	EndGlobalSection
	GlobalSection(SolutionProperties) = preSolution
		HideSolutionNode = FALSE
	EndGlobalSection
	GlobalSection(ExtensibilityGlobals) = postSolution
		SolutionGuid = {24E6C318-270F-476E-8D49-EDF3391BC516}
	EndGlobalSection
EndGlobal
